
Microsoft Visual Studio Solution File, Format Version 12.00
# Visual Studio Version 17
VisualStudioVersion = 17.0.31903.59
MinimumVisualStudioVersion = 10.0.40219.1
Project("{FAE04EC0-301F-11D3-BF4B-00C04F79EFBC}") = "Day01", "Day01\Day01.csproj", "{4E72A13F-DDCD-44E8-B619-1BC3F7E6ABAA}"
EndProject
Project("{FAE04EC0-301F-11D3-BF4B-00C04F79EFBC}") = "Day07", "Day07\Day07.csproj", "{A09A16D4-B669-4C68-8600-1D1FD596455C}"
EndProject
Project("{FAE04EC0-301F-11D3-BF4B-00C04F79EFBC}") = "Day08", "Day08\Day08.csproj", "{EC14ECE1-7B3A-4D84-AB03-A1BF822EB730}"
EndProject
Project("{FAE04EC0-301F-11D3-BF4B-00C04F79EFBC}") = "Day02", "Day02\Day02.csproj", "{82A0DD73-365C-46D7-B8BD-575E3230C39F}"
EndProject
Project("{FAE04EC0-301F-11D3-BF4B-00C04F79EFBC}") = "Day03", "Day03\Day03.csproj", "{57B0FF50-A7CF-4F15-A028-D0C45AA02B83}"
EndProject
Global
	GlobalSection(SolutionConfigurationPlatforms) = preSolution
		Debug|Any CPU = Debug|Any CPU
		Release|Any CPU = Release|Any CPU
	EndGlobalSection
	GlobalSection(SolutionProperties) = preSolution
		HideSolutionNode = FALSE
	EndGlobalSection
	GlobalSection(ProjectConfigurationPlatforms) = postSolution
		{4E72A13F-DDCD-44E8-B619-1BC3F7E6ABAA}.Debug|Any CPU.ActiveCfg = Debug|Any CPU
		{4E72A13F-DDCD-44E8-B619-1BC3F7E6ABAA}.Debug|Any CPU.Build.0 = Debug|Any CPU
		{4E72A13F-DDCD-44E8-B619-1BC3F7E6ABAA}.Release|Any CPU.ActiveCfg = Release|Any CPU
		{4E72A13F-DDCD-44E8-B619-1BC3F7E6ABAA}.Release|Any CPU.Build.0 = Release|Any CPU
		{A09A16D4-B669-4C68-8600-1D1FD596455C}.Debug|Any CPU.ActiveCfg = Debug|Any CPU
		{A09A16D4-B669-4C68-8600-1D1FD596455C}.Debug|Any CPU.Build.0 = Debug|Any CPU
		{A09A16D4-B669-4C68-8600-1D1FD596455C}.Release|Any CPU.ActiveCfg = Release|Any CPU
		{A09A16D4-B669-4C68-8600-1D1FD596455C}.Release|Any CPU.Build.0 = Release|Any CPU
		{EC14ECE1-7B3A-4D84-AB03-A1BF822EB730}.Debug|Any CPU.ActiveCfg = Debug|Any CPU
		{EC14ECE1-7B3A-4D84-AB03-A1BF822EB730}.Debug|Any CPU.Build.0 = Debug|Any CPU
		{EC14ECE1-7B3A-4D84-AB03-A1BF822EB730}.Release|Any CPU.ActiveCfg = Release|Any CPU
		{EC14ECE1-7B3A-4D84-AB03-A1BF822EB730}.Release|Any CPU.Build.0 = Release|Any CPU
		{82A0DD73-365C-46D7-B8BD-575E3230C39F}.Debug|Any CPU.ActiveCfg = Debug|Any CPU
		{82A0DD73-365C-46D7-B8BD-575E3230C39F}.Debug|Any CPU.Build.0 = Debug|Any CPU
		{82A0DD73-365C-46D7-B8BD-575E3230C39F}.Release|Any CPU.ActiveCfg = Release|Any CPU
		{82A0DD73-365C-46D7-B8BD-575E3230C39F}.Release|Any CPU.Build.0 = Release|Any CPU
		{57B0FF50-A7CF-4F15-A028-D0C45AA02B83}.Debug|Any CPU.ActiveCfg = Debug|Any CPU
		{57B0FF50-A7CF-4F15-A028-D0C45AA02B83}.Debug|Any CPU.Build.0 = Debug|Any CPU
		{57B0FF50-A7CF-4F15-A028-D0C45AA02B83}.Release|Any CPU.ActiveCfg = Release|Any CPU
		{57B0FF50-A7CF-4F15-A028-D0C45AA02B83}.Release|Any CPU.Build.0 = Release|Any CPU
	EndGlobalSection
EndGlobal
