
Microsoft Visual Studio Solution File, Format Version 12.00
# Visual Studio Version 17
VisualStudioVersion = 17.0.31903.59
MinimumVisualStudioVersion = 10.0.40219.1
Project("{FAE04EC0-301F-11D3-BF4B-00C04F79EFBC}") = "Day01", "Day01\Day01.csproj", "{CCBE8ED9-6A9F-446C-AC1C-B8F9F7EA0960}"
EndProject
Project("{FAE04EC0-301F-11D3-BF4B-00C04F79EFBC}") = "Day02", "Day02\Day02.csproj", "{978A34D4-ECAE-49F8-A37C-173628D47671}"
EndProject
Project("{FAE04EC0-301F-11D3-BF4B-00C04F79EFBC}") = "Day03", "Day03\Day03.csproj", "{A1E232D7-C106-426B-AC0E-94E57561470F}"
EndProject
Project("{FAE04EC0-301F-11D3-BF4B-00C04F79EFBC}") = "Day04", "Day04\Day04.csproj", "{F1EA074E-B2B4-4456-B4AA-4FA7AAD9C98D}"
EndProject
Project("{FAE04EC0-301F-11D3-BF4B-00C04F79EFBC}") = "Day05", "Day05\Day05.csproj", "{D3490034-8659-44E0-94D4-65C1B329011D}"
EndProject
Project("{FAE04EC0-301F-11D3-BF4B-00C04F79EFBC}") = "Day06", "Day06\Day06.csproj", "{FDC6099F-C3E8-4F7B-A54C-BB42ADD5A5C9}"
EndProject
Project("{FAE04EC0-301F-11D3-BF4B-00C04F79EFBC}") = "Day07", "Day07\Day07.csproj", "{5A98565E-0683-4447-B583-0A047013E34F}"
EndProject
Project("{FAE04EC0-301F-11D3-BF4B-00C04F79EFBC}") = "Day08", "Day08\Day08.csproj", "{496E4951-4DDB-4FAF-B01F-E7D50371E733}"
EndProject
Project("{FAE04EC0-301F-11D3-BF4B-00C04F79EFBC}") = "Day09", "Day09\Day09.csproj", "{F49F07EF-F94B-49F0-939B-254BF5051E82}"
EndProject
Project("{FAE04EC0-301F-11D3-BF4B-00C04F79EFBC}") = "Day10", "Day10\Day10.csproj", "{B9610FA5-EDBB-441D-9E25-3D64BA6E143E}"
EndProject
Project("{FAE04EC0-301F-11D3-BF4B-00C04F79EFBC}") = "Day11", "Day11\Day11.csproj", "{81995B3F-A37D-4C9B-BF55-C3217418F7CF}"
EndProject
Project("{FAE04EC0-301F-11D3-BF4B-00C04F79EFBC}") = "Day12", "Day12\Day12.csproj", "{4FC480C8-72CF-4226-8E20-3AD473BE7EB1}"
EndProject
Project("{FAE04EC0-301F-11D3-BF4B-00C04F79EFBC}") = "Day13", "Day13\Day13.csproj", "{A7B7976E-5FC9-4024-A73A-E09EEA9C9A87}"
EndProject
Project("{FAE04EC0-301F-11D3-BF4B-00C04F79EFBC}") = "Day14", "Day14\Day14.csproj", "{EF7A5388-D7AB-4269-8CA4-77DCEFA38DB3}"
EndProject
Project("{FAE04EC0-301F-11D3-BF4B-00C04F79EFBC}") = "Day15", "Day15\Day15.csproj", "{876875EA-1CE1-4397-9036-8933E297437A}"
EndProject
Project("{FAE04EC0-301F-11D3-BF4B-00C04F79EFBC}") = "Day16", "Day16\Day16.csproj", "{730B1BF9-E542-4B1E-A859-20F9B9686B86}"
EndProject
Project("{FAE04EC0-301F-11D3-BF4B-00C04F79EFBC}") = "Day17", "Day17\Day17.csproj", "{B06A68E6-F92E-441F-893B-E1079C9155EC}"
EndProject
Project("{FAE04EC0-301F-11D3-BF4B-00C04F79EFBC}") = "Day18", "Day18\Day18.csproj", "{CBA58FA1-D9A8-4495-8F51-A0F45D6DD0E5}"
EndProject
Project("{FAE04EC0-301F-11D3-BF4B-00C04F79EFBC}") = "Day19", "Day19\Day19.csproj", "{76461703-0C4E-4DE1-883C-BDBDF2E20928}"
EndProject
Project("{FAE04EC0-301F-11D3-BF4B-00C04F79EFBC}") = "Day20", "Day20\Day20.csproj", "{A6D59E8F-0CED-4C0D-A1DC-93C1EF4165CF}"
EndProject
Project("{FAE04EC0-301F-11D3-BF4B-00C04F79EFBC}") = "Day21", "Day21\Day21.csproj", "{EBAB3DC2-8DD2-4E21-BE42-7A1B388B2797}"
EndProject
Project("{FAE04EC0-301F-11D3-BF4B-00C04F79EFBC}") = "Day22", "Day22\Day22.csproj", "{BFD06E90-FEBA-40B4-8EDF-4683EA6E57D1}"
EndProject
Project("{FAE04EC0-301F-11D3-BF4B-00C04F79EFBC}") = "Day23", "Day23\Day23.csproj", "{0B7DACB1-73CE-4B5F-BEF6-4D9428AD33E8}"
EndProject
Project("{FAE04EC0-301F-11D3-BF4B-00C04F79EFBC}") = "Day24", "Day24\Day24.csproj", "{D7B202E7-00BB-46E7-8E2D-0CA60B4F9D9D}"
EndProject
Project("{FAE04EC0-301F-11D3-BF4B-00C04F79EFBC}") = "Day25", "Day25\Day25.csproj", "{453C22D2-2854-478C-A736-441E60EF9EF1}"
EndProject
Global
	GlobalSection(SolutionConfigurationPlatforms) = preSolution
		Debug|Any CPU = Debug|Any CPU
		Release|Any CPU = Release|Any CPU
	EndGlobalSection
	GlobalSection(SolutionProperties) = preSolution
		HideSolutionNode = FALSE
	EndGlobalSection
	GlobalSection(ProjectConfigurationPlatforms) = postSolution
		{CCBE8ED9-6A9F-446C-AC1C-B8F9F7EA0960}.Debug|Any CPU.ActiveCfg = Debug|Any CPU
		{CCBE8ED9-6A9F-446C-AC1C-B8F9F7EA0960}.Debug|Any CPU.Build.0 = Debug|Any CPU
		{CCBE8ED9-6A9F-446C-AC1C-B8F9F7EA0960}.Release|Any CPU.ActiveCfg = Release|Any CPU
		{CCBE8ED9-6A9F-446C-AC1C-B8F9F7EA0960}.Release|Any CPU.Build.0 = Release|Any CPU
		{978A34D4-ECAE-49F8-A37C-173628D47671}.Debug|Any CPU.ActiveCfg = Debug|Any CPU
		{978A34D4-ECAE-49F8-A37C-173628D47671}.Debug|Any CPU.Build.0 = Debug|Any CPU
		{978A34D4-ECAE-49F8-A37C-173628D47671}.Release|Any CPU.ActiveCfg = Release|Any CPU
		{978A34D4-ECAE-49F8-A37C-173628D47671}.Release|Any CPU.Build.0 = Release|Any CPU
		{A1E232D7-C106-426B-AC0E-94E57561470F}.Debug|Any CPU.ActiveCfg = Debug|Any CPU
		{A1E232D7-C106-426B-AC0E-94E57561470F}.Debug|Any CPU.Build.0 = Debug|Any CPU
		{A1E232D7-C106-426B-AC0E-94E57561470F}.Release|Any CPU.ActiveCfg = Release|Any CPU
		{A1E232D7-C106-426B-AC0E-94E57561470F}.Release|Any CPU.Build.0 = Release|Any CPU
		{F1EA074E-B2B4-4456-B4AA-4FA7AAD9C98D}.Debug|Any CPU.ActiveCfg = Debug|Any CPU
		{F1EA074E-B2B4-4456-B4AA-4FA7AAD9C98D}.Debug|Any CPU.Build.0 = Debug|Any CPU
		{F1EA074E-B2B4-4456-B4AA-4FA7AAD9C98D}.Release|Any CPU.ActiveCfg = Release|Any CPU
		{F1EA074E-B2B4-4456-B4AA-4FA7AAD9C98D}.Release|Any CPU.Build.0 = Release|Any CPU
		{D3490034-8659-44E0-94D4-65C1B329011D}.Debug|Any CPU.ActiveCfg = Debug|Any CPU
		{D3490034-8659-44E0-94D4-65C1B329011D}.Debug|Any CPU.Build.0 = Debug|Any CPU
		{D3490034-8659-44E0-94D4-65C1B329011D}.Release|Any CPU.ActiveCfg = Release|Any CPU
		{D3490034-8659-44E0-94D4-65C1B329011D}.Release|Any CPU.Build.0 = Release|Any CPU
		{FDC6099F-C3E8-4F7B-A54C-BB42ADD5A5C9}.Debug|Any CPU.ActiveCfg = Debug|Any CPU
		{FDC6099F-C3E8-4F7B-A54C-BB42ADD5A5C9}.Debug|Any CPU.Build.0 = Debug|Any CPU
		{FDC6099F-C3E8-4F7B-A54C-BB42ADD5A5C9}.Release|Any CPU.ActiveCfg = Release|Any CPU
		{FDC6099F-C3E8-4F7B-A54C-BB42ADD5A5C9}.Release|Any CPU.Build.0 = Release|Any CPU
		{5A98565E-0683-4447-B583-0A047013E34F}.Debug|Any CPU.ActiveCfg = Debug|Any CPU
		{5A98565E-0683-4447-B583-0A047013E34F}.Debug|Any CPU.Build.0 = Debug|Any CPU
		{5A98565E-0683-4447-B583-0A047013E34F}.Release|Any CPU.ActiveCfg = Release|Any CPU
		{5A98565E-0683-4447-B583-0A047013E34F}.Release|Any CPU.Build.0 = Release|Any CPU
		{496E4951-4DDB-4FAF-B01F-E7D50371E733}.Debug|Any CPU.ActiveCfg = Debug|Any CPU
		{496E4951-4DDB-4FAF-B01F-E7D50371E733}.Debug|Any CPU.Build.0 = Debug|Any CPU
		{496E4951-4DDB-4FAF-B01F-E7D50371E733}.Release|Any CPU.ActiveCfg = Release|Any CPU
		{496E4951-4DDB-4FAF-B01F-E7D50371E733}.Release|Any CPU.Build.0 = Release|Any CPU
		{F49F07EF-F94B-49F0-939B-254BF5051E82}.Debug|Any CPU.ActiveCfg = Debug|Any CPU
		{F49F07EF-F94B-49F0-939B-254BF5051E82}.Debug|Any CPU.Build.0 = Debug|Any CPU
		{F49F07EF-F94B-49F0-939B-254BF5051E82}.Release|Any CPU.ActiveCfg = Release|Any CPU
		{F49F07EF-F94B-49F0-939B-254BF5051E82}.Release|Any CPU.Build.0 = Release|Any CPU
		{B9610FA5-EDBB-441D-9E25-3D64BA6E143E}.Debug|Any CPU.ActiveCfg = Debug|Any CPU
		{B9610FA5-EDBB-441D-9E25-3D64BA6E143E}.Debug|Any CPU.Build.0 = Debug|Any CPU
		{B9610FA5-EDBB-441D-9E25-3D64BA6E143E}.Release|Any CPU.ActiveCfg = Release|Any CPU
		{B9610FA5-EDBB-441D-9E25-3D64BA6E143E}.Release|Any CPU.Build.0 = Release|Any CPU
		{81995B3F-A37D-4C9B-BF55-C3217418F7CF}.Debug|Any CPU.ActiveCfg = Debug|Any CPU
		{81995B3F-A37D-4C9B-BF55-C3217418F7CF}.Debug|Any CPU.Build.0 = Debug|Any CPU
		{81995B3F-A37D-4C9B-BF55-C3217418F7CF}.Release|Any CPU.ActiveCfg = Release|Any CPU
		{81995B3F-A37D-4C9B-BF55-C3217418F7CF}.Release|Any CPU.Build.0 = Release|Any CPU
		{4FC480C8-72CF-4226-8E20-3AD473BE7EB1}.Debug|Any CPU.ActiveCfg = Debug|Any CPU
		{4FC480C8-72CF-4226-8E20-3AD473BE7EB1}.Debug|Any CPU.Build.0 = Debug|Any CPU
		{4FC480C8-72CF-4226-8E20-3AD473BE7EB1}.Release|Any CPU.ActiveCfg = Release|Any CPU
		{4FC480C8-72CF-4226-8E20-3AD473BE7EB1}.Release|Any CPU.Build.0 = Release|Any CPU
		{A7B7976E-5FC9-4024-A73A-E09EEA9C9A87}.Debug|Any CPU.ActiveCfg = Debug|Any CPU
		{A7B7976E-5FC9-4024-A73A-E09EEA9C9A87}.Debug|Any CPU.Build.0 = Debug|Any CPU
		{A7B7976E-5FC9-4024-A73A-E09EEA9C9A87}.Release|Any CPU.ActiveCfg = Release|Any CPU
		{A7B7976E-5FC9-4024-A73A-E09EEA9C9A87}.Release|Any CPU.Build.0 = Release|Any CPU
		{EF7A5388-D7AB-4269-8CA4-77DCEFA38DB3}.Debug|Any CPU.ActiveCfg = Debug|Any CPU
		{EF7A5388-D7AB-4269-8CA4-77DCEFA38DB3}.Debug|Any CPU.Build.0 = Debug|Any CPU
		{EF7A5388-D7AB-4269-8CA4-77DCEFA38DB3}.Release|Any CPU.ActiveCfg = Release|Any CPU
		{EF7A5388-D7AB-4269-8CA4-77DCEFA38DB3}.Release|Any CPU.Build.0 = Release|Any CPU
		{876875EA-1CE1-4397-9036-8933E297437A}.Debug|Any CPU.ActiveCfg = Debug|Any CPU
		{876875EA-1CE1-4397-9036-8933E297437A}.Debug|Any CPU.Build.0 = Debug|Any CPU
		{876875EA-1CE1-4397-9036-8933E297437A}.Release|Any CPU.ActiveCfg = Release|Any CPU
		{876875EA-1CE1-4397-9036-8933E297437A}.Release|Any CPU.Build.0 = Release|Any CPU
		{730B1BF9-E542-4B1E-A859-20F9B9686B86}.Debug|Any CPU.ActiveCfg = Debug|Any CPU
		{730B1BF9-E542-4B1E-A859-20F9B9686B86}.Debug|Any CPU.Build.0 = Debug|Any CPU
		{730B1BF9-E542-4B1E-A859-20F9B9686B86}.Release|Any CPU.ActiveCfg = Release|Any CPU
		{730B1BF9-E542-4B1E-A859-20F9B9686B86}.Release|Any CPU.Build.0 = Release|Any CPU
		{B06A68E6-F92E-441F-893B-E1079C9155EC}.Debug|Any CPU.ActiveCfg = Debug|Any CPU
		{B06A68E6-F92E-441F-893B-E1079C9155EC}.Debug|Any CPU.Build.0 = Debug|Any CPU
		{B06A68E6-F92E-441F-893B-E1079C9155EC}.Release|Any CPU.ActiveCfg = Release|Any CPU
		{B06A68E6-F92E-441F-893B-E1079C9155EC}.Release|Any CPU.Build.0 = Release|Any CPU
		{CBA58FA1-D9A8-4495-8F51-A0F45D6DD0E5}.Debug|Any CPU.ActiveCfg = Debug|Any CPU
		{CBA58FA1-D9A8-4495-8F51-A0F45D6DD0E5}.Debug|Any CPU.Build.0 = Debug|Any CPU
		{CBA58FA1-D9A8-4495-8F51-A0F45D6DD0E5}.Release|Any CPU.ActiveCfg = Release|Any CPU
		{CBA58FA1-D9A8-4495-8F51-A0F45D6DD0E5}.Release|Any CPU.Build.0 = Release|Any CPU
		{76461703-0C4E-4DE1-883C-BDBDF2E20928}.Debug|Any CPU.ActiveCfg = Debug|Any CPU
		{76461703-0C4E-4DE1-883C-BDBDF2E20928}.Debug|Any CPU.Build.0 = Debug|Any CPU
		{76461703-0C4E-4DE1-883C-BDBDF2E20928}.Release|Any CPU.ActiveCfg = Release|Any CPU
		{76461703-0C4E-4DE1-883C-BDBDF2E20928}.Release|Any CPU.Build.0 = Release|Any CPU
		{A6D59E8F-0CED-4C0D-A1DC-93C1EF4165CF}.Debug|Any CPU.ActiveCfg = Debug|Any CPU
		{A6D59E8F-0CED-4C0D-A1DC-93C1EF4165CF}.Debug|Any CPU.Build.0 = Debug|Any CPU
		{A6D59E8F-0CED-4C0D-A1DC-93C1EF4165CF}.Release|Any CPU.ActiveCfg = Release|Any CPU
		{A6D59E8F-0CED-4C0D-A1DC-93C1EF4165CF}.Release|Any CPU.Build.0 = Release|Any CPU
		{EBAB3DC2-8DD2-4E21-BE42-7A1B388B2797}.Debug|Any CPU.ActiveCfg = Debug|Any CPU
		{EBAB3DC2-8DD2-4E21-BE42-7A1B388B2797}.Debug|Any CPU.Build.0 = Debug|Any CPU
		{EBAB3DC2-8DD2-4E21-BE42-7A1B388B2797}.Release|Any CPU.ActiveCfg = Release|Any CPU
		{EBAB3DC2-8DD2-4E21-BE42-7A1B388B2797}.Release|Any CPU.Build.0 = Release|Any CPU
		{BFD06E90-FEBA-40B4-8EDF-4683EA6E57D1}.Debug|Any CPU.ActiveCfg = Debug|Any CPU
		{BFD06E90-FEBA-40B4-8EDF-4683EA6E57D1}.Debug|Any CPU.Build.0 = Debug|Any CPU
		{BFD06E90-FEBA-40B4-8EDF-4683EA6E57D1}.Release|Any CPU.ActiveCfg = Release|Any CPU
		{BFD06E90-FEBA-40B4-8EDF-4683EA6E57D1}.Release|Any CPU.Build.0 = Release|Any CPU
		{0B7DACB1-73CE-4B5F-BEF6-4D9428AD33E8}.Debug|Any CPU.ActiveCfg = Debug|Any CPU
		{0B7DACB1-73CE-4B5F-BEF6-4D9428AD33E8}.Debug|Any CPU.Build.0 = Debug|Any CPU
		{0B7DACB1-73CE-4B5F-BEF6-4D9428AD33E8}.Release|Any CPU.ActiveCfg = Release|Any CPU
		{0B7DACB1-73CE-4B5F-BEF6-4D9428AD33E8}.Release|Any CPU.Build.0 = Release|Any CPU
		{D7B202E7-00BB-46E7-8E2D-0CA60B4F9D9D}.Debug|Any CPU.ActiveCfg = Debug|Any CPU
		{D7B202E7-00BB-46E7-8E2D-0CA60B4F9D9D}.Debug|Any CPU.Build.0 = Debug|Any CPU
		{D7B202E7-00BB-46E7-8E2D-0CA60B4F9D9D}.Release|Any CPU.ActiveCfg = Release|Any CPU
		{D7B202E7-00BB-46E7-8E2D-0CA60B4F9D9D}.Release|Any CPU.Build.0 = Release|Any CPU
		{453C22D2-2854-478C-A736-441E60EF9EF1}.Debug|Any CPU.ActiveCfg = Debug|Any CPU
		{453C22D2-2854-478C-A736-441E60EF9EF1}.Debug|Any CPU.Build.0 = Debug|Any CPU
		{453C22D2-2854-478C-A736-441E60EF9EF1}.Release|Any CPU.ActiveCfg = Release|Any CPU
		{453C22D2-2854-478C-A736-441E60EF9EF1}.Release|Any CPU.Build.0 = Release|Any CPU
	EndGlobalSection
EndGlobal
